
Microsoft Visual Studio Solution File, Format Version 12.00
# Visual Studio Version 16
VisualStudioVersion = 16.0.30717.126
MinimumVisualStudioVersion = 10.0.40219.1
Project("{FAE04EC0-301F-11D3-BF4B-00C04F79EFBC}") = "App.UWP", "App.UWP\App.UWP.csproj", "{4A0E9872-3AE5-49A4-94C2-383621CB148D}"
EndProject
Project("{FAE04EC0-301F-11D3-BF4B-00C04F79EFBC}") = "App.Android", "App.Android\App.Android.csproj", "{8E9EEA2F-DA8B-4329-8529-F3FF64208021}"
EndProject
Project("{FAE04EC0-301F-11D3-BF4B-00C04F79EFBC}") = "App.iOS", "App.iOS\App.iOS.csproj", "{FC7F0F1B-5A43-4C76-A48F-1EC595F69625}"
EndProject
Project("{FAE04EC0-301F-11D3-BF4B-00C04F79EFBC}") = "Forms", "App\Forms.csproj", "{0A9F0A86-2800-44A7-90E1-2DF731662765}"
EndProject
Global
	GlobalSection(SolutionConfigurationPlatforms) = preSolution
		Debug|Any CPU = Debug|Any CPU
		Debug|ARM = Debug|ARM
		Debug|iPhone = Debug|iPhone
		Debug|iPhoneSimulator = Debug|iPhoneSimulator
		Debug|x64 = Debug|x64
		Debug|x86 = Debug|x86
		Release|Any CPU = Release|Any CPU
		Release|ARM = Release|ARM
		Release|iPhone = Release|iPhone
		Release|iPhoneSimulator = Release|iPhoneSimulator
		Release|x64 = Release|x64
		Release|x86 = Release|x86
	EndGlobalSection
	GlobalSection(ProjectConfigurationPlatforms) = postSolution
		{4A0E9872-3AE5-49A4-94C2-383621CB148D}.Debug|Any CPU.ActiveCfg = Debug|x86
		{4A0E9872-3AE5-49A4-94C2-383621CB148D}.Debug|Any CPU.Build.0 = Debug|x86
		{4A0E9872-3AE5-49A4-94C2-383621CB148D}.Debug|Any CPU.Deploy.0 = Debug|x86
		{4A0E9872-3AE5-49A4-94C2-383621CB148D}.Debug|ARM.ActiveCfg = Debug|ARM
		{4A0E9872-3AE5-49A4-94C2-383621CB148D}.Debug|ARM.Build.0 = Debug|ARM
		{4A0E9872-3AE5-49A4-94C2-383621CB148D}.Debug|ARM.Deploy.0 = Debug|ARM
		{4A0E9872-3AE5-49A4-94C2-383621CB148D}.Debug|iPhone.ActiveCfg = Debug|x86
		{4A0E9872-3AE5-49A4-94C2-383621CB148D}.Debug|iPhone.Build.0 = Debug|x86
		{4A0E9872-3AE5-49A4-94C2-383621CB148D}.Debug|iPhone.Deploy.0 = Debug|x86
		{4A0E9872-3AE5-49A4-94C2-383621CB148D}.Debug|iPhoneSimulator.ActiveCfg = Debug|x86
		{4A0E9872-3AE5-49A4-94C2-383621CB148D}.Debug|iPhoneSimulator.Build.0 = Debug|x86
		{4A0E9872-3AE5-49A4-94C2-383621CB148D}.Debug|iPhoneSimulator.Deploy.0 = Debug|x86
		{4A0E9872-3AE5-49A4-94C2-383621CB148D}.Debug|x64.ActiveCfg = Debug|x64
		{4A0E9872-3AE5-49A4-94C2-383621CB148D}.Debug|x64.Build.0 = Debug|x64
		{4A0E9872-3AE5-49A4-94C2-383621CB148D}.Debug|x64.Deploy.0 = Debug|x64
		{4A0E9872-3AE5-49A4-94C2-383621CB148D}.Debug|x86.ActiveCfg = Debug|x86
		{4A0E9872-3AE5-49A4-94C2-383621CB148D}.Debug|x86.Build.0 = Debug|x86
		{4A0E9872-3AE5-49A4-94C2-383621CB148D}.Debug|x86.Deploy.0 = Debug|x86
		{4A0E9872-3AE5-49A4-94C2-383621CB148D}.Release|Any CPU.ActiveCfg = Release|x86
		{4A0E9872-3AE5-49A4-94C2-383621CB148D}.Release|Any CPU.Build.0 = Release|x86
		{4A0E9872-3AE5-49A4-94C2-383621CB148D}.Release|Any CPU.Deploy.0 = Release|x86
		{4A0E9872-3AE5-49A4-94C2-383621CB148D}.Release|ARM.ActiveCfg = Release|ARM
		{4A0E9872-3AE5-49A4-94C2-383621CB148D}.Release|ARM.Build.0 = Release|ARM
		{4A0E9872-3AE5-49A4-94C2-383621CB148D}.Release|ARM.Deploy.0 = Release|ARM
		{4A0E9872-3AE5-49A4-94C2-383621CB148D}.Release|iPhone.ActiveCfg = Release|x86
		{4A0E9872-3AE5-49A4-94C2-383621CB148D}.Release|iPhone.Build.0 = Release|x86
		{4A0E9872-3AE5-49A4-94C2-383621CB148D}.Release|iPhone.Deploy.0 = Release|x86
		{4A0E9872-3AE5-49A4-94C2-383621CB148D}.Release|iPhoneSimulator.ActiveCfg = Release|x86
		{4A0E9872-3AE5-49A4-94C2-383621CB148D}.Release|iPhoneSimulator.Build.0 = Release|x86
		{4A0E9872-3AE5-49A4-94C2-383621CB148D}.Release|iPhoneSimulator.Deploy.0 = Release|x86
		{4A0E9872-3AE5-49A4-94C2-383621CB148D}.Release|x64.ActiveCfg = Release|x64
		{4A0E9872-3AE5-49A4-94C2-383621CB148D}.Release|x64.Build.0 = Release|x64
		{4A0E9872-3AE5-49A4-94C2-383621CB148D}.Release|x64.Deploy.0 = Release|x64
		{4A0E9872-3AE5-49A4-94C2-383621CB148D}.Release|x86.ActiveCfg = Release|x86
		{4A0E9872-3AE5-49A4-94C2-383621CB148D}.Release|x86.Build.0 = Release|x86
		{4A0E9872-3AE5-49A4-94C2-383621CB148D}.Release|x86.Deploy.0 = Release|x86
		{8E9EEA2F-DA8B-4329-8529-F3FF64208021}.Debug|Any CPU.ActiveCfg = Debug|Any CPU
		{8E9EEA2F-DA8B-4329-8529-F3FF64208021}.Debug|Any CPU.Build.0 = Debug|Any CPU
		{8E9EEA2F-DA8B-4329-8529-F3FF64208021}.Debug|Any CPU.Deploy.0 = Debug|Any CPU
		{8E9EEA2F-DA8B-4329-8529-F3FF64208021}.Debug|ARM.ActiveCfg = Debug|Any CPU
		{8E9EEA2F-DA8B-4329-8529-F3FF64208021}.Debug|ARM.Build.0 = Debug|Any CPU
		{8E9EEA2F-DA8B-4329-8529-F3FF64208021}.Debug|ARM.Deploy.0 = Debug|Any CPU
		{8E9EEA2F-DA8B-4329-8529-F3FF64208021}.Debug|iPhone.ActiveCfg = Debug|Any CPU
		{8E9EEA2F-DA8B-4329-8529-F3FF64208021}.Debug|iPhone.Build.0 = Debug|Any CPU
		{8E9EEA2F-DA8B-4329-8529-F3FF64208021}.Debug|iPhone.Deploy.0 = Debug|Any CPU
		{8E9EEA2F-DA8B-4329-8529-F3FF64208021}.Debug|iPhoneSimulator.ActiveCfg = Debug|Any CPU
		{8E9EEA2F-DA8B-4329-8529-F3FF64208021}.Debug|iPhoneSimulator.Build.0 = Debug|Any CPU
		{8E9EEA2F-DA8B-4329-8529-F3FF64208021}.Debug|iPhoneSimulator.Deploy.0 = Debug|Any CPU
		{8E9EEA2F-DA8B-4329-8529-F3FF64208021}.Debug|x64.ActiveCfg = Debug|Any CPU
		{8E9EEA2F-DA8B-4329-8529-F3FF64208021}.Debug|x64.Build.0 = Debug|Any CPU
		{8E9EEA2F-DA8B-4329-8529-F3FF64208021}.Debug|x64.Deploy.0 = Debug|Any CPU
		{8E9EEA2F-DA8B-4329-8529-F3FF64208021}.Debug|x86.ActiveCfg = Debug|Any CPU
		{8E9EEA2F-DA8B-4329-8529-F3FF64208021}.Debug|x86.Build.0 = Debug|Any CPU
		{8E9EEA2F-DA8B-4329-8529-F3FF64208021}.Debug|x86.Deploy.0 = Debug|Any CPU
		{8E9EEA2F-DA8B-4329-8529-F3FF64208021}.Release|Any CPU.ActiveCfg = Release|Any CPU
		{8E9EEA2F-DA8B-4329-8529-F3FF64208021}.Release|Any CPU.Build.0 = Release|Any CPU
		{8E9EEA2F-DA8B-4329-8529-F3FF64208021}.Release|Any CPU.Deploy.0 = Release|Any CPU
		{8E9EEA2F-DA8B-4329-8529-F3FF64208021}.Release|ARM.ActiveCfg = Release|Any CPU
		{8E9EEA2F-DA8B-4329-8529-F3FF64208021}.Release|ARM.Build.0 = Release|Any CPU
		{8E9EEA2F-DA8B-4329-8529-F3FF64208021}.Release|ARM.Deploy.0 = Release|Any CPU
		{8E9EEA2F-DA8B-4329-8529-F3FF64208021}.Release|iPhone.ActiveCfg = Release|Any CPU
		{8E9EEA2F-DA8B-4329-8529-F3FF64208021}.Release|iPhone.Build.0 = Release|Any CPU
		{8E9EEA2F-DA8B-4329-8529-F3FF64208021}.Release|iPhone.Deploy.0 = Release|Any CPU
		{8E9EEA2F-DA8B-4329-8529-F3FF64208021}.Release|iPhoneSimulator.ActiveCfg = Release|Any CPU
		{8E9EEA2F-DA8B-4329-8529-F3FF64208021}.Release|iPhoneSimulator.Build.0 = Release|Any CPU
		{8E9EEA2F-DA8B-4329-8529-F3FF64208021}.Release|iPhoneSimulator.Deploy.0 = Release|Any CPU
		{8E9EEA2F-DA8B-4329-8529-F3FF64208021}.Release|x64.ActiveCfg = Release|Any CPU
		{8E9EEA2F-DA8B-4329-8529-F3FF64208021}.Release|x64.Build.0 = Release|Any CPU
		{8E9EEA2F-DA8B-4329-8529-F3FF64208021}.Release|x64.Deploy.0 = Release|Any CPU
		{8E9EEA2F-DA8B-4329-8529-F3FF64208021}.Release|x86.ActiveCfg = Release|Any CPU
		{8E9EEA2F-DA8B-4329-8529-F3FF64208021}.Release|x86.Build.0 = Release|Any CPU
		{8E9EEA2F-DA8B-4329-8529-F3FF64208021}.Release|x86.Deploy.0 = Release|Any CPU
		{FC7F0F1B-5A43-4C76-A48F-1EC595F69625}.Debug|Any CPU.ActiveCfg = Debug|iPhoneSimulator
		{FC7F0F1B-5A43-4C76-A48F-1EC595F69625}.Debug|Any CPU.Build.0 = Debug|iPhoneSimulator
		{FC7F0F1B-5A43-4C76-A48F-1EC595F69625}.Debug|Any CPU.Deploy.0 = Debug|iPhoneSimulator
		{FC7F0F1B-5A43-4C76-A48F-1EC595F69625}.Debug|ARM.ActiveCfg = Debug|iPhone
		{FC7F0F1B-5A43-4C76-A48F-1EC595F69625}.Debug|ARM.Build.0 = Debug|iPhone
		{FC7F0F1B-5A43-4C76-A48F-1EC595F69625}.Debug|ARM.Deploy.0 = Debug|iPhone
		{FC7F0F1B-5A43-4C76-A48F-1EC595F69625}.Debug|iPhone.ActiveCfg = Debug|iPhone
		{FC7F0F1B-5A43-4C76-A48F-1EC595F69625}.Debug|iPhone.Build.0 = Debug|iPhone
		{FC7F0F1B-5A43-4C76-A48F-1EC595F69625}.Debug|iPhone.Deploy.0 = Debug|iPhone
		{FC7F0F1B-5A43-4C76-A48F-1EC595F69625}.Debug|iPhoneSimulator.ActiveCfg = Debug|iPhoneSimulator
		{FC7F0F1B-5A43-4C76-A48F-1EC595F69625}.Debug|iPhoneSimulator.Build.0 = Debug|iPhoneSimulator
		{FC7F0F1B-5A43-4C76-A48F-1EC595F69625}.Debug|iPhoneSimulator.Deploy.0 = Debug|iPhoneSimulator
		{FC7F0F1B-5A43-4C76-A48F-1EC595F69625}.Debug|x64.ActiveCfg = Debug|iPhoneSimulator
		{FC7F0F1B-5A43-4C76-A48F-1EC595F69625}.Debug|x64.Build.0 = Debug|iPhoneSimulator
		{FC7F0F1B-5A43-4C76-A48F-1EC595F69625}.Debug|x64.Deploy.0 = Debug|iPhoneSimulator
		{FC7F0F1B-5A43-4C76-A48F-1EC595F69625}.Debug|x86.ActiveCfg = Debug|iPhoneSimulator
		{FC7F0F1B-5A43-4C76-A48F-1EC595F69625}.Debug|x86.Build.0 = Debug|iPhoneSimulator
		{FC7F0F1B-5A43-4C76-A48F-1EC595F69625}.Debug|x86.Deploy.0 = Debug|iPhoneSimulator
		{FC7F0F1B-5A43-4C76-A48F-1EC595F69625}.Release|Any CPU.ActiveCfg = Release|iPhoneSimulator
		{FC7F0F1B-5A43-4C76-A48F-1EC595F69625}.Release|Any CPU.Build.0 = Release|iPhoneSimulator
		{FC7F0F1B-5A43-4C76-A48F-1EC595F69625}.Release|Any CPU.Deploy.0 = Release|iPhoneSimulator
		{FC7F0F1B-5A43-4C76-A48F-1EC595F69625}.Release|ARM.ActiveCfg = Release|iPhoneSimulator
		{FC7F0F1B-5A43-4C76-A48F-1EC595F69625}.Release|ARM.Build.0 = Release|iPhoneSimulator
		{FC7F0F1B-5A43-4C76-A48F-1EC595F69625}.Release|ARM.Deploy.0 = Release|iPhoneSimulator
		{FC7F0F1B-5A43-4C76-A48F-1EC595F69625}.Release|iPhone.ActiveCfg = Release|iPhone
		{FC7F0F1B-5A43-4C76-A48F-1EC595F69625}.Release|iPhone.Build.0 = Release|iPhone
		{FC7F0F1B-5A43-4C76-A48F-1EC595F69625}.Release|iPhone.Deploy.0 = Release|iPhone
		{FC7F0F1B-5A43-4C76-A48F-1EC595F69625}.Release|iPhoneSimulator.ActiveCfg = Release|iPhoneSimulator
		{FC7F0F1B-5A43-4C76-A48F-1EC595F69625}.Release|iPhoneSimulator.Build.0 = Release|iPhoneSimulator
		{FC7F0F1B-5A43-4C76-A48F-1EC595F69625}.Release|iPhoneSimulator.Deploy.0 = Release|iPhoneSimulator
		{FC7F0F1B-5A43-4C76-A48F-1EC595F69625}.Release|x64.ActiveCfg = Release|iPhoneSimulator
		{FC7F0F1B-5A43-4C76-A48F-1EC595F69625}.Release|x64.Build.0 = Release|iPhoneSimulator
		{FC7F0F1B-5A43-4C76-A48F-1EC595F69625}.Release|x64.Deploy.0 = Release|iPhoneSimulator
		{FC7F0F1B-5A43-4C76-A48F-1EC595F69625}.Release|x86.ActiveCfg = Release|iPhoneSimulator
		{FC7F0F1B-5A43-4C76-A48F-1EC595F69625}.Release|x86.Build.0 = Release|iPhoneSimulator
		{FC7F0F1B-5A43-4C76-A48F-1EC595F69625}.Release|x86.Deploy.0 = Release|iPhoneSimulator
		{0A9F0A86-2800-44A7-90E1-2DF731662765}.Debug|Any CPU.ActiveCfg = Debug|Any CPU
		{0A9F0A86-2800-44A7-90E1-2DF731662765}.Debug|Any CPU.Build.0 = Debug|Any CPU
		{0A9F0A86-2800-44A7-90E1-2DF731662765}.Debug|Any CPU.Deploy.0 = Debug|Any CPU
		{0A9F0A86-2800-44A7-90E1-2DF731662765}.Debug|ARM.ActiveCfg = Debug|Any CPU
		{0A9F0A86-2800-44A7-90E1-2DF731662765}.Debug|ARM.Build.0 = Debug|Any CPU
		{0A9F0A86-2800-44A7-90E1-2DF731662765}.Debug|ARM.Deploy.0 = Debug|Any CPU
		{0A9F0A86-2800-44A7-90E1-2DF731662765}.Debug|iPhone.ActiveCfg = Debug|Any CPU
		{0A9F0A86-2800-44A7-90E1-2DF731662765}.Debug|iPhone.Build.0 = Debug|Any CPU
		{0A9F0A86-2800-44A7-90E1-2DF731662765}.Debug|iPhone.Deploy.0 = Debug|Any CPU
		{0A9F0A86-2800-44A7-90E1-2DF731662765}.Debug|iPhoneSimulator.ActiveCfg = Debug|Any CPU
		{0A9F0A86-2800-44A7-90E1-2DF731662765}.Debug|iPhoneSimulator.Build.0 = Debug|Any CPU
		{0A9F0A86-2800-44A7-90E1-2DF731662765}.Debug|iPhoneSimulator.Deploy.0 = Debug|Any CPU
		{0A9F0A86-2800-44A7-90E1-2DF731662765}.Debug|x64.ActiveCfg = Debug|Any CPU
		{0A9F0A86-2800-44A7-90E1-2DF731662765}.Debug|x64.Build.0 = Debug|Any CPU
		{0A9F0A86-2800-44A7-90E1-2DF731662765}.Debug|x64.Deploy.0 = Debug|Any CPU
		{0A9F0A86-2800-44A7-90E1-2DF731662765}.Debug|x86.ActiveCfg = Debug|Any CPU
		{0A9F0A86-2800-44A7-90E1-2DF731662765}.Debug|x86.Build.0 = Debug|Any CPU
		{0A9F0A86-2800-44A7-90E1-2DF731662765}.Debug|x86.Deploy.0 = Debug|Any CPU
		{0A9F0A86-2800-44A7-90E1-2DF731662765}.Release|Any CPU.ActiveCfg = Release|Any CPU
		{0A9F0A86-2800-44A7-90E1-2DF731662765}.Release|Any CPU.Build.0 = Release|Any CPU
		{0A9F0A86-2800-44A7-90E1-2DF731662765}.Release|Any CPU.Deploy.0 = Release|Any CPU
		{0A9F0A86-2800-44A7-90E1-2DF731662765}.Release|ARM.ActiveCfg = Release|Any CPU
		{0A9F0A86-2800-44A7-90E1-2DF731662765}.Release|ARM.Build.0 = Release|Any CPU
		{0A9F0A86-2800-44A7-90E1-2DF731662765}.Release|ARM.Deploy.0 = Release|Any CPU
		{0A9F0A86-2800-44A7-90E1-2DF731662765}.Release|iPhone.ActiveCfg = Release|Any CPU
		{0A9F0A86-2800-44A7-90E1-2DF731662765}.Release|iPhone.Build.0 = Release|Any CPU
		{0A9F0A86-2800-44A7-90E1-2DF731662765}.Release|iPhone.Deploy.0 = Release|Any CPU
		{0A9F0A86-2800-44A7-90E1-2DF731662765}.Release|iPhoneSimulator.ActiveCfg = Release|Any CPU
		{0A9F0A86-2800-44A7-90E1-2DF731662765}.Release|iPhoneSimulator.Build.0 = Release|Any CPU
		{0A9F0A86-2800-44A7-90E1-2DF731662765}.Release|iPhoneSimulator.Deploy.0 = Release|Any CPU
		{0A9F0A86-2800-44A7-90E1-2DF731662765}.Release|x64.ActiveCfg = Release|Any CPU
		{0A9F0A86-2800-44A7-90E1-2DF731662765}.Release|x64.Build.0 = Release|Any CPU
		{0A9F0A86-2800-44A7-90E1-2DF731662765}.Release|x64.Deploy.0 = Release|Any CPU
		{0A9F0A86-2800-44A7-90E1-2DF731662765}.Release|x86.ActiveCfg = Release|Any CPU
		{0A9F0A86-2800-44A7-90E1-2DF731662765}.Release|x86.Build.0 = Release|Any CPU
		{0A9F0A86-2800-44A7-90E1-2DF731662765}.Release|x86.Deploy.0 = Release|Any CPU
	EndGlobalSection
	GlobalSection(SolutionProperties) = preSolution
		HideSolutionNode = FALSE
	EndGlobalSection
	GlobalSection(ExtensibilityGlobals) = postSolution
		SolutionGuid = {9148358B-02FD-4D5B-9DAD-B9B5399D7BD7}
	EndGlobalSection
EndGlobal
